
Microsoft Visual Studio Solution File, Format Version 12.00
# Visual Studio Version 17
VisualStudioVersion = 17.9.34622.214
MinimumVisualStudioVersion = 10.0.40219.1
Project("{FAE04EC0-301F-11D3-BF4B-00C04F79EFBC}") = "ProiectMDS", "ProiectMDS.csproj", "{1F81B01D-C200-4D59-9FFE-405DEEBEF5B9}"
EndProject
Global
	GlobalSection(SolutionConfigurationPlatforms) = preSolution
		Debug|Any CPU = Debug|Any CPU
		Release|Any CPU = Release|Any CPU
	EndGlobalSection
	GlobalSection(ProjectConfigurationPlatforms) = postSolution
		{1F81B01D-C200-4D59-9FFE-405DEEBEF5B9}.Debug|Any CPU.ActiveCfg = Debug|Any CPU
		{1F81B01D-C200-4D59-9FFE-405DEEBEF5B9}.Debug|Any CPU.Build.0 = Debug|Any CPU
		{1F81B01D-C200-4D59-9FFE-405DEEBEF5B9}.Release|Any CPU.ActiveCfg = Release|Any CPU
		{1F81B01D-C200-4D59-9FFE-405DEEBEF5B9}.Release|Any CPU.Build.0 = Release|Any CPU
	EndGlobalSection
	GlobalSection(SolutionProperties) = preSolution
		HideSolutionNode = FALSE
	EndGlobalSection
	GlobalSection(ExtensibilityGlobals) = postSolution
		SolutionGuid = {57FDCDA2-71D7-41F6-9248-F2D051E642F9}
	EndGlobalSection
EndGlobal
